
Microsoft Visual Studio Solution File, Format Version 12.00
# Visual Studio 15
VisualStudioVersion = 15.0.28307.438
MinimumVisualStudioVersion = 10.0.40219.1
Project("{FAE04EC0-301F-11D3-BF4B-00C04F79EFBC}") = "ES.WEB.API", "ES.WEB.API\ES.WEB.API.csproj", "{3EE93835-D550-4A1E-867A-7C682A27A26E}"
EndProject
Global
	GlobalSection(SolutionConfigurationPlatforms) = preSolution
		Debug|Any CPU = Debug|Any CPU
		Release|Any CPU = Release|Any CPU
	EndGlobalSection
	GlobalSection(ProjectConfigurationPlatforms) = postSolution
		{3EE93835-D550-4A1E-867A-7C682A27A26E}.Debug|Any CPU.ActiveCfg = Debug|Any CPU
		{3EE93835-D550-4A1E-867A-7C682A27A26E}.Debug|Any CPU.Build.0 = Debug|Any CPU
		{3EE93835-D550-4A1E-867A-7C682A27A26E}.Release|Any CPU.ActiveCfg = Release|Any CPU
		{3EE93835-D550-4A1E-867A-7C682A27A26E}.Release|Any CPU.Build.0 = Release|Any CPU
	EndGlobalSection
	GlobalSection(SolutionProperties) = preSolution
		HideSolutionNode = FALSE
	EndGlobalSection
	GlobalSection(ExtensibilityGlobals) = postSolution
		SolutionGuid = {D4897469-F4E1-470F-9356-A85A6F09B632}
	EndGlobalSection
EndGlobal
